github.com/issue9/assert v1.4.0/go.mod h1:Yktk83hAVl1SPSYtd9kjhBizuiBIqUQyj+D5SE2yjVY=
github.com/issue9/assert v1.4.1 h1:gUtOpMTeaE4JTe9kACma5foOHBvVt1p5XTFrULDwdXI=
github.com/issue9/assert v1.4.1/go.mod h1:Yktk83hAVl1SPSYtd9kjhBizuiBIqUQyj+D5SE2yjVY=
github.com/issue9/errwrap v0.2.0 h1:EPisAVHfGj8ZnR3aNlLFpih/ahDWdMXTOOA+3QaELpk=
github.com/issue9/errwrap v0.2.0/go.mod h1:yudSKP/VtwvbW8hD9riNxJd8sAAzgJUgjllibgHqdJg=
github.com/issue9/rands v1.1.5 h1:ToP7PzT3srf01o89fk2JfL3R+dhugrIyFfjG9dfGAN8=
github.com/issue9/rands v1.1.5/go.mod h1:J9Q+gMoOqLOrK5qgEWwikqdrludCbZ/tVcXemjtwQoM=
